// !$*UTF8*$!
{
	archiveVersion = 1;
	classes = {
	};
	objectVersion = 56;
	objects = {

/* Begin PBXBuildFile section */
		4C295F242C6CF1500069F7EB /* UnitTestApp01App.swift in Sources */ = {isa = PBXBuildFile; fileRef = 4C295F232C6CF1500069F7EB /* UnitTestApp01App.swift */; };
		4C295F262C6CF1500069F7EB /* ContentView.swift in Sources */ = {isa = PBXBuildFile; fileRef = 4C295F252C6CF1500069F7EB /* ContentView.swift */; };
		4C295F282C6CF1520069F7EB /* Assets.xcassets in Resources */ = {isa = PBXBuildFile; fileRef = 4C295F272C6CF1520069F7EB /* Assets.xcassets */; };
		4C295F2B2C6CF1520069F7EB /* Preview Assets.xcassets in Resources */ = {isa = PBXBuildFile; fileRef = 4C295F2A2C6CF1520069F7EB /* Preview Assets.xcassets */; };
		4C295F352C6CF1520069F7EB /* UnitTestApp01Tests.swift in Sources */ = {isa = PBXBuildFile; fileRef = 4C295F342C6CF1520069F7EB /* UnitTestApp01Tests.swift */; };
		4C295F3F2C6CF1520069F7EB /* UnitTestApp01UITests.swift in Sources */ = {isa = PBXBuildFile; fileRef = 4C295F3E2C6CF1520069F7EB /* UnitTestApp01UITests.swift */; };
		4C295F412C6CF1520069F7EB /* UnitTestApp01UITestsLaunchTests.swift in Sources */ = {isa = PBXBuildFile; fileRef = 4C295F402C6CF1520069F7EB /* UnitTestApp01UITestsLaunchTests.swift */; };
		4C295F4E2C6CF1A20069F7EB /* CalculationNumber.swift in Sources */ = {isa = PBXBuildFile; fileRef = 4C295F4D2C6CF1A20069F7EB /* CalculationNumber.swift */; };
		4C295F502C6CF2030069F7EB /* CalculationNumberTests.swift in Sources */ = {isa = PBXBuildFile; fileRef = 4C295F4F2C6CF2030069F7EB /* CalculationNumberTests.swift */; };
/* End PBXBuildFile section */

/* Begin PBXContainerItemProxy section */
		4C295F312C6CF1520069F7EB /* PBXContainerItemProxy */ = {
			isa = PBXContainerItemProxy;
			containerPortal = 4C295F182C6CF1500069F7EB /* Project object */;
			proxyType = 1;
			remoteGlobalIDString = 4C295F1F2C6CF1500069F7EB;
			remoteInfo = UnitTestApp01;
		};
		4C295F3B2C6CF1520069F7EB /* PBXContainerItemProxy */ = {
			isa = PBXContainerItemProxy;
			containerPortal = 4C295F182C6CF1500069F7EB /* Project object */;
			proxyType = 1;
			remoteGlobalIDString = 4C295F1F2C6CF1500069F7EB;
			remoteInfo = UnitTestApp01;
		};
/* End PBXContainerItemProxy section */

/* Begin PBXFileReference section */
		4C295F202C6CF1500069F7EB /* UnitTestApp01.app */ = {isa = PBXFileReference; explicitFileType = wrapper.application; includeInIndex = 0; path = UnitTestApp01.app; sourceTree = BUILT_PRODUCTS_DIR; };
		4C295F232C6CF1500069F7EB /* UnitTestApp01App.swift */ = {isa = PBXFileReference; lastKnownFileType = sourcecode.swift; path = UnitTestApp01App.swift; sourceTree = "<group>"; };
		4C295F252C6CF1500069F7EB /* ContentView.swift */ = {isa = PBXFileReference; lastKnownFileType = sourcecode.swift; path = ContentView.swift; sourceTree = "<group>"; };
		4C295F272C6CF1520069F7EB /* Assets.xcassets */ = {isa = PBXFileReference; lastKnownFileType = folder.assetcatalog; path = Assets.xcassets; sourceTree = "<group>"; };
		4C295F2A2C6CF1520069F7EB /* Preview Assets.xcassets */ = {isa = PBXFileReference; lastKnownFileType = folder.assetcatalog; path = "Preview Assets.xcassets"; sourceTree = "<group>"; };
		4C295F302C6CF1520069F7EB /* UnitTestApp01Tests.xctest */ = {isa = PBXFileReference; explicitFileType = wrapper.cfbundle; includeInIndex = 0; path = UnitTestApp01Tests.xctest; sourceTree = BUILT_PRODUCTS_DIR; };
		4C295F342C6CF1520069F7EB /* UnitTestApp01Tests.swift */ = {isa = PBXFileReference; lastKnownFileType = sourcecode.swift; path = UnitTestApp01Tests.swift; sourceTree = "<group>"; };
		4C295F3A2C6CF1520069F7EB /* UnitTestApp01UITests.xctest */ = {isa = PBXFileReference; explicitFileType = wrapper.cfbundle; includeInIndex = 0; path = UnitTestApp01UITests.xctest; sourceTree = BUILT_PRODUCTS_DIR; };
		4C295F3E2C6CF1520069F7EB /* UnitTestApp01UITests.swift */ = {isa = PBXFileReference; lastKnownFileType = sourcecode.swift; path = UnitTestApp01UITests.swift; sourceTree = "<group>"; };
		4C295F402C6CF1520069F7EB /* UnitTestApp01UITestsLaunchTests.swift */ = {isa = PBXFileReference; lastKnownFileType = sourcecode.swift; path = UnitTestApp01UITestsLaunchTests.swift; sourceTree = "<group>"; };
		4C295F4D2C6CF1A20069F7EB /* CalculationNumber.swift */ = {isa = PBXFileReference; lastKnownFileType = sourcecode.swift; path = CalculationNumber.swift; sourceTree = "<group>"; };
		4C295F4F2C6CF2030069F7EB /* CalculationNumberTests.swift */ = {isa = PBXFileReference; lastKnownFileType = sourcecode.swift; path = CalculationNumberTests.swift; sourceTree = "<group>"; };
/* End PBXFileReference section */

/* Begin PBXFrameworksBuildPhase section */
		4C295F1D2C6CF1500069F7EB /* Frameworks */ = {
			isa = PBXFrameworksBuildPhase;
			buildActionMask = 2147483647;
			files = (
			);
			runOnlyForDeploymentPostprocessing = 0;
		};
		4C295F2D2C6CF1520069F7EB /* Frameworks */ = {
			isa = PBXFrameworksBuildPhase;
			buildActionMask = 2147483647;
			files = (
			);
			runOnlyForDeploymentPostprocessing = 0;
		};
		4C295F372C6CF1520069F7EB /* Frameworks */ = {
			isa = PBXFrameworksBuildPhase;
			buildActionMask = 2147483647;
			files = (
			);
			runOnlyForDeploymentPostprocessing = 0;
		};
/* End PBXFrameworksBuildPhase section */

/* Begin PBXGroup section */
		4C295F172C6CF1500069F7EB = {
			isa = PBXGroup;
			children = (
				4C295F222C6CF1500069F7EB /* UnitTestApp01 */,
				4C295F332C6CF1520069F7EB /* UnitTestApp01Tests */,
				4C295F3D2C6CF1520069F7EB /* UnitTestApp01UITests */,
				4C295F212C6CF1500069F7EB /* Products */,
			);
			sourceTree = "<group>";
		};
		4C295F212C6CF1500069F7EB /* Products */ = {
			isa = PBXGroup;
			children = (
				4C295F202C6CF1500069F7EB /* UnitTestApp01.app */,
				4C295F302C6CF1520069F7EB /* UnitTestApp01Tests.xctest */,
				4C295F3A2C6CF1520069F7EB /* UnitTestApp01UITests.xctest */,
			);
			name = Products;
			sourceTree = "<group>";
		};
		4C295F222C6CF1500069F7EB /* UnitTestApp01 */ = {
			isa = PBXGroup;
			children = (
				4C295F232C6CF1500069F7EB /* UnitTestApp01App.swift */,
				4C295F252C6CF1500069F7EB /* ContentView.swift */,
				4C295F4D2C6CF1A20069F7EB /* CalculationNumber.swift */,
				4C295F272C6CF1520069F7EB /* Assets.xcassets */,
				4C295F292C6CF1520069F7EB /* Preview Content */,
			);
			path = UnitTestApp01;
			sourceTree = "<group>";
		};
		4C295F292C6CF1520069F7EB /* Preview Content */ = {
			isa = PBXGroup;
			children = (
				4C295F2A2C6CF1520069F7EB /* Preview Assets.xcassets */,
			);
			path = "Preview Content";
			sourceTree = "<group>";
		};
		4C295F332C6CF1520069F7EB /* UnitTestApp01Tests */ = {
			isa = PBXGroup;
			children = (
				4C295F342C6CF1520069F7EB /* UnitTestApp01Tests.swift */,
				4C295F4F2C6CF2030069F7EB /* CalculationNumberTests.swift */,
			);
			path = UnitTestApp01Tests;
			sourceTree = "<group>";
		};
		4C295F3D2C6CF1520069F7EB /* UnitTestApp01UITests */ = {
			isa = PBXGroup;
			children = (
				4C295F3E2C6CF1520069F7EB /* UnitTestApp01UITests.swift */,
				4C295F402C6CF1520069F7EB /* UnitTestApp01UITestsLaunchTests.swift */,
			);
			path = UnitTestApp01UITests;
			sourceTree = "<group>";
		};
/* End PBXGroup section */

/* Begin PBXNativeTarget section */
		4C295F1F2C6CF1500069F7EB /* UnitTestApp01 */ = {
			isa = PBXNativeTarget;
			buildConfigurationList = 4C295F442C6CF1520069F7EB /* Build configuration list for PBXNativeTarget "UnitTestApp01" */;
			buildPhases = (
				4C295F1C2C6CF1500069F7EB /* Sources */,
				4C295F1D2C6CF1500069F7EB /* Frameworks */,
				4C295F1E2C6CF1500069F7EB /* Resources */,
			);
			buildRules = (
			);
			dependencies = (
			);
			name = UnitTestApp01;
			productName = UnitTestApp01;
			productReference = 4C295F202C6CF1500069F7EB /* UnitTestApp01.app */;
			productType = "com.apple.product-type.application";
		};
		4C295F2F2C6CF1520069F7EB /* UnitTestApp01Tests */ = {
			isa = PBXNativeTarget;
			buildConfigurationList = 4C295F472C6CF1520069F7EB /* Build configuration list for PBXNativeTarget "UnitTestApp01Tests" */;
			buildPhases = (
				4C295F2C2C6CF1520069F7EB /* Sources */,
				4C295F2D2C6CF1520069F7EB /* Frameworks */,
				4C295F2E2C6CF1520069F7EB /* Resources */,
			);
			buildRules = (
			);
			dependencies = (
				4C295F322C6CF1520069F7EB /* PBXTargetDependency */,
			);
			name = UnitTestApp01Tests;
			productName = UnitTestApp01Tests;
			productReference = 4C295F302C6CF1520069F7EB /* UnitTestApp01Tests.xctest */;
			productType = "com.apple.product-type.bundle.unit-test";
		};
		4C295F392C6CF1520069F7EB /* UnitTestApp01UITests */ = {
			isa = PBXNativeTarget;
			buildConfigurationList = 4C295F4A2C6CF1520069F7EB /* Build configuration list for PBXNativeTarget "UnitTestApp01UITests" */;
			buildPhases = (
				4C295F362C6CF1520069F7EB /* Sources */,
				4C295F372C6CF1520069F7EB /* Frameworks */,
				4C295F382C6CF1520069F7EB /* Resources */,
			);
			buildRules = (
			);
			dependencies = (
				4C295F3C2C6CF1520069F7EB /* PBXTargetDependency */,
			);
			name = UnitTestApp01UITests;
			productName = UnitTestApp01UITests;
			productReference = 4C295F3A2C6CF1520069F7EB /* UnitTestApp01UITests.xctest */;
			productType = "com.apple.product-type.bundle.ui-testing";
		};
/* End PBXNativeTarget section */

/* Begin PBXProject section */
		4C295F182C6CF1500069F7EB /* Project object */ = {
			isa = PBXProject;
			attributes = {
				BuildIndependentTargetsInParallel = 1;
				LastSwiftUpdateCheck = 1540;
				LastUpgradeCheck = 1540;
				TargetAttributes = {
					4C295F1F2C6CF1500069F7EB = {
						CreatedOnToolsVersion = 15.4;
					};
					4C295F2F2C6CF1520069F7EB = {
						CreatedOnToolsVersion = 15.4;
						TestTargetID = 4C295F1F2C6CF1500069F7EB;
					};
					4C295F392C6CF1520069F7EB = {
						CreatedOnToolsVersion = 15.4;
						TestTargetID = 4C295F1F2C6CF1500069F7EB;
					};
				};
			};
			buildConfigurationList = 4C295F1B2C6CF1500069F7EB /* Build configuration list for PBXProject "UnitTestApp01" */;
			compatibilityVersion = "Xcode 14.0";
			developmentRegion = en;
			hasScannedForEncodings = 0;
			knownRegions = (
				en,
				Base,
			);
			mainGroup = 4C295F172C6CF1500069F7EB;
			productRefGroup = 4C295F212C6CF1500069F7EB /* Products */;
			projectDirPath = "";
			projectRoot = "";
			targets = (
				4C295F1F2C6CF1500069F7EB /* UnitTestApp01 */,
				4C295F2F2C6CF1520069F7EB /* UnitTestApp01Tests */,
				4C295F392C6CF1520069F7EB /* UnitTestApp01UITests */,
			);
		};
/* End PBXProject section */

/* Begin PBXResourcesBuildPhase section */
		4C295F1E2C6CF1500069F7EB /* Resources */ = {
			isa = PBXResourcesBuildPhase;
			buildActionMask = 2147483647;
			files = (
				4C295F2B2C6CF1520069F7EB /* Preview Assets.xcassets in Resources */,
				4C295F282C6CF1520069F7EB /* Assets.xcassets in Resources */,
			);
			runOnlyForDeploymentPostprocessing = 0;
		};
		4C295F2E2C6CF1520069F7EB /* Resources */ = {
			isa = PBXResourcesBuildPhase;
			buildActionMask = 2147483647;
			files = (
			);
			runOnlyForDeploymentPostprocessing = 0;
		};
		4C295F382C6CF1520069F7EB /* Resources */ = {
			isa = PBXResourcesBuildPhase;
			buildActionMask = 2147483647;
			files = (
			);
			runOnlyForDeploymentPostprocessing = 0;
		};
/* End PBXResourcesBuildPhase section */

/* Begin PBXSourcesBuildPhase section */
		4C295F1C2C6CF1500069F7EB /* Sources */ = {
			isa = PBXSourcesBuildPhase;
			buildActionMask = 2147483647;
			files = (
				4C295F262C6CF1500069F7EB /* ContentView.swift in Sources */,
				4C295F4E2C6CF1A20069F7EB /* CalculationNumber.swift in Sources */,
				4C295F242C6CF1500069F7EB /* UnitTestApp01App.swift in Sources */,
			);
			runOnlyForDeploymentPostprocessing = 0;
		};
		4C295F2C2C6CF1520069F7EB /* Sources */ = {
			isa = PBXSourcesBuildPhase;
			buildActionMask = 2147483647;
			files = (
				4C295F502C6CF2030069F7EB /* CalculationNumberTests.swift in Sources */,
				4C295F352C6CF1520069F7EB /* UnitTestApp01Tests.swift in Sources */,
			);
			runOnlyForDeploymentPostprocessing = 0;
		};
		4C295F362C6CF1520069F7EB /* Sources */ = {
			isa = PBXSourcesBuildPhase;
			buildActionMask = 2147483647;
			files = (
				4C295F3F2C6CF1520069F7EB /* UnitTestApp01UITests.swift in Sources */,
				4C295F412C6CF1520069F7EB /* UnitTestApp01UITestsLaunchTests.swift in Sources */,
			);
			runOnlyForDeploymentPostprocessing = 0;
		};
/* End PBXSourcesBuildPhase section */

/* Begin PBXTargetDependency section */
		4C295F322C6CF1520069F7EB /* PBXTargetDependency */ = {
			isa = PBXTargetDependency;
			target = 4C295F1F2C6CF1500069F7EB /* UnitTestApp01 */;
			targetProxy = 4C295F312C6CF1520069F7EB /* PBXContainerItemProxy */;
		};
		4C295F3C2C6CF1520069F7EB /* PBXTargetDependency */ = {
			isa = PBXTargetDependency;
			target = 4C295F1F2C6CF1500069F7EB /* UnitTestApp01 */;
			targetProxy = 4C295F3B2C6CF1520069F7EB /* PBXContainerItemProxy */;
		};
/* End PBXTargetDependency section */

/* Begin XCBuildConfiguration section */
		4C295F422C6CF1520069F7EB /* Debug */ = {
			isa = XCBuildConfiguration;
			buildSettings = {
				ALWAYS_SEARCH_USER_PATHS = NO;
				ASSETCATALOG_COMPILER_GENERATE_SWIFT_ASSET_SYMBOL_EXTENSIONS = YES;
				CLANG_ANALYZER_NONNULL = YES;
				CLANG_ANALYZER_NUMBER_OBJECT_CONVERSION = YES_AGGRESSIVE;
				CLANG_CXX_LANGUAGE_STANDARD = "gnu++20";
				CLANG_ENABLE_MODULES = YES;
				CLANG_ENABLE_OBJC_ARC = YES;
				CLANG_ENABLE_OBJC_WEAK = YES;
				CLANG_WARN_BLOCK_CAPTURE_AUTORELEASING = YES;
				CLANG_WARN_BOOL_CONVERSION = YES;
				CLANG_WARN_COMMA = YES;
				CLANG_WARN_CONSTANT_CONVERSION = YES;
				CLANG_WARN_DEPRECATED_OBJC_IMPLEMENTATIONS = YES;
				CLANG_WARN_DIRECT_OBJC_ISA_USAGE = YES_ERROR;
				CLANG_WARN_DOCUMENTATION_COMMENTS = YES;
				CLANG_WARN_EMPTY_BODY = YES;
				CLANG_WARN_ENUM_CONVERSION = YES;
				CLANG_WARN_INFINITE_RECURSION = YES;
				CLANG_WARN_INT_CONVERSION = YES;
				CLANG_WARN_NON_LITERAL_NULL_CONVERSION = YES;
				CLANG_WARN_OBJC_IMPLICIT_RETAIN_SELF = YES;
				CLANG_WARN_OBJC_LITERAL_CONVERSION = YES;
				CLANG_WARN_OBJC_ROOT_CLASS = YES_ERROR;
				CLANG_WARN_QUOTED_INCLUDE_IN_FRAMEWORK_HEADER = YES;
				CLANG_WARN_RANGE_LOOP_ANALYSIS = YES;
				CLANG_WARN_STRICT_PROTOTYPES = YES;
				CLANG_WARN_SUSPICIOUS_MOVE = YES;
				CLANG_WARN_UNGUARDED_AVAILABILITY = YES_AGGRESSIVE;
				CLANG_WARN_UNREACHABLE_CODE = YES;
				CLANG_WARN__DUPLICATE_METHOD_MATCH = YES;
				COPY_PHASE_STRIP = NO;
				DEBUG_INFORMATION_FORMAT = dwarf;
				ENABLE_STRICT_OBJC_MSGSEND = YES;
				ENABLE_TESTABILITY = YES;
				ENABLE_USER_SCRIPT_SANDBOXING = YES;
				GCC_C_LANGUAGE_STANDARD = gnu17;
				GCC_DYNAMIC_NO_PIC = NO;
				GCC_NO_COMMON_BLOCKS = YES;
				GCC_OPTIMIZATION_LEVEL = 0;
				GCC_PREPROCESSOR_DEFINITIONS = (
					"DEBUG=1",
					"$(inherited)",
				);
				GCC_WARN_64_TO_32_BIT_CONVERSION = YES;
				GCC_WARN_ABOUT_RETURN_TYPE = YES_ERROR;
				GCC_WARN_UNDECLARED_SELECTOR = YES;
				GCC_WARN_UNINITIALIZED_AUTOS = YES_AGGRESSIVE;
				GCC_WARN_UNUSED_FUNCTION = YES;
				GCC_WARN_UNUSED_VARIABLE = YES;
				IPHONEOS_DEPLOYMENT_TARGET = 17.5;
				LOCALIZATION_PREFERS_STRING_CATALOGS = YES;
				MTL_ENABLE_DEBUG_INFO = INCLUDE_SOURCE;
				MTL_FAST_MATH = YES;
				ONLY_ACTIVE_ARCH = YES;
				SDKROOT = iphoneos;
				SWIFT_ACTIVE_COMPILATION_CONDITIONS = "DEBUG $(inherited)";
				SWIFT_OPTIMIZATION_LEVEL = "-Onone";
			};
			name = Debug;
		};
		4C295F432C6CF1520069F7EB /* Release */ = {
			isa = XCBuildConfiguration;
			buildSettings = {
				ALWAYS_SEARCH_USER_PATHS = NO;
				ASSETCATALOG_COMPILER_GENERATE_SWIFT_ASSET_SYMBOL_EXTENSIONS = YES;
				CLANG_ANALYZER_NONNULL = YES;
				CLANG_ANALYZER_NUMBER_OBJECT_CONVERSION = YES_AGGRESSIVE;
				CLANG_CXX_LANGUAGE_STANDARD = "gnu++20";
				CLANG_ENABLE_MODULES = YES;
				CLANG_ENABLE_OBJC_ARC = YES;
				CLANG_ENABLE_OBJC_WEAK = YES;
				CLANG_WARN_BLOCK_CAPTURE_AUTORELEASING = YES;
				CLANG_WARN_BOOL_CONVERSION = YES;
				CLANG_WARN_COMMA = YES;
				CLANG_WARN_CONSTANT_CONVERSION = YES;
				CLANG_WARN_DEPRECATED_OBJC_IMPLEMENTATIONS = YES;
				CLANG_WARN_DIRECT_OBJC_ISA_USAGE = YES_ERROR;
				CLANG_WARN_DOCUMENTATION_COMMENTS = YES;
				CLANG_WARN_EMPTY_BODY = YES;
				CLANG_WARN_ENUM_CONVERSION = YES;
				CLANG_WARN_INFINITE_RECURSION = YES;
				CLANG_WARN_INT_CONVERSION = YES;
				CLANG_WARN_NON_LITERAL_NULL_CONVERSION = YES;
				CLANG_WARN_OBJC_IMPLICIT_RETAIN_SELF = YES;
				CLANG_WARN_OBJC_LITERAL_CONVERSION = YES;
				CLANG_WARN_OBJC_ROOT_CLASS = YES_ERROR;
				CLANG_WARN_QUOTED_INCLUDE_IN_FRAMEWORK_HEADER = YES;
				CLANG_WARN_RANGE_LOOP_ANALYSIS = YES;
				CLANG_WARN_STRICT_PROTOTYPES = YES;
				CLANG_WARN_SUSPICIOUS_MOVE = YES;
				CLANG_WARN_UNGUARDED_AVAILABILITY = YES_AGGRESSIVE;
				CLANG_WARN_UNREACHABLE_CODE = YES;
				CLANG_WARN__DUPLICATE_METHOD_MATCH = YES;
				COPY_PHASE_STRIP = NO;
				DEBUG_INFORMATION_FORMAT = "dwarf-with-dsym";
				ENABLE_NS_ASSERTIONS = NO;
				ENABLE_STRICT_OBJC_MSGSEND = YES;
				ENABLE_USER_SCRIPT_SANDBOXING = YES;
				GCC_C_LANGUAGE_STANDARD = gnu17;
				GCC_NO_COMMON_BLOCKS = YES;
				GCC_WARN_64_TO_32_BIT_CONVERSION = YES;
				GCC_WARN_ABOUT_RETURN_TYPE = YES_ERROR;
				GCC_WARN_UNDECLARED_SELECTOR = YES;
				GCC_WARN_UNINITIALIZED_AUTOS = YES_AGGRESSIVE;
				GCC_WARN_UNUSED_FUNCTION = YES;
				GCC_WARN_UNUSED_VARIABLE = YES;
				IPHONEOS_DEPLOYMENT_TARGET = 17.5;
				LOCALIZATION_PREFERS_STRING_CATALOGS = YES;
				MTL_ENABLE_DEBUG_INFO = NO;
				MTL_FAST_MATH = YES;
				SDKROOT = iphoneos;
				SWIFT_COMPILATION_MODE = wholemodule;
				VALIDATE_PRODUCT = YES;
			};
			name = Release;
		};
		4C295F452C6CF1520069F7EB /* Debug */ = {
			isa = XCBuildConfiguration;
			buildSettings = {
				ASSETCATALOG_COMPILER_APPICON_NAME = AppIcon;
				ASSETCATALOG_COMPILER_GLOBAL_ACCENT_COLOR_NAME = AccentColor;
				CODE_SIGN_STYLE = Automatic;
				CURRENT_PROJECT_VERSION = 1;
				DEVELOPMENT_ASSET_PATHS = "\"UnitTestApp01/Preview Content\"";
				DEVELOPMENT_TEAM = QJC45QJ28B;
				ENABLE_PREVIEWS = YES;
				GENERATE_INFOPLIST_FILE = YES;
				INFOPLIST_KEY_UIApplicationSceneManifest_Generation = YES;
				INFOPLIST_KEY_UIApplicationSupportsIndirectInputEvents = YES;
				INFOPLIST_KEY_UILaunchScreen_Generation = YES;
				INFOPLIST_KEY_UISupportedInterfaceOrientations_iPad = "UIInterfaceOrientationPortrait UIInterfaceOrientationPortraitUpsideDown UIInterfaceOrientationLandscapeLeft UIInterfaceOrientationLandscapeRight";
				INFOPLIST_KEY_UISupportedInterfaceOrientations_iPhone = "UIInterfaceOrientationPortrait UIInterfaceOrientationLandscapeLeft UIInterfaceOrientationLandscapeRight";
				LD_RUNPATH_SEARCH_PATHS = (
					"$(inherited)",
					"@executable_path/Frameworks",
				);
				MARKETING_VERSION = 1.0;
				PRODUCT_BUNDLE_IDENTIFIER = com.masaki.UnitTestApp01;
				PRODUCT_NAME = "$(TARGET_NAME)";
				SWIFT_EMIT_LOC_STRINGS = YES;
				SWIFT_VERSION = 5.0;
				TARGETED_DEVICE_FAMILY = "1,2";
			};
			name = Debug;
		};
		4C295F462C6CF1520069F7EB /* Release */ = {
			isa = XCBuildConfiguration;
			buildSettings = {
				ASSETCATALOG_COMPILER_APPICON_NAME = AppIcon;
				ASSETCATALOG_COMPILER_GLOBAL_ACCENT_COLOR_NAME = AccentColor;
				CODE_SIGN_STYLE = Automatic;
				CURRENT_PROJECT_VERSION = 1;
				DEVELOPMENT_ASSET_PATHS = "\"UnitTestApp01/Preview Content\"";
				DEVELOPMENT_TEAM = QJC45QJ28B;
				ENABLE_PREVIEWS = YES;
				GENERATE_INFOPLIST_FILE = YES;
				INFOPLIST_KEY_UIApplicationSceneManifest_Generation = YES;
				INFOPLIST_KEY_UIApplicationSupportsIndirectInputEvents = YES;
				INFOPLIST_KEY_UILaunchScreen_Generation = YES;
				INFOPLIST_KEY_UISupportedInterfaceOrientations_iPad = "UIInterfaceOrientationPortrait UIInterfaceOrientationPortraitUpsideDown UIInterfaceOrientationLandscapeLeft UIInterfaceOrientationLandscapeRight";
				INFOPLIST_KEY_UISupportedInterfaceOrientations_iPhone = "UIInterfaceOrientationPortrait UIInterfaceOrientationLandscapeLeft UIInterfaceOrientationLandscapeRight";
				LD_RUNPATH_SEARCH_PATHS = (
					"$(inherited)",
					"@executable_path/Frameworks",
				);
				MARKETING_VERSION = 1.0;
				PRODUCT_BUNDLE_IDENTIFIER = com.masaki.UnitTestApp01;
				PRODUCT_NAME = "$(TARGET_NAME)";
				SWIFT_EMIT_LOC_STRINGS = YES;
				SWIFT_VERSION = 5.0;
				TARGETED_DEVICE_FAMILY = "1,2";
			};
			name = Release;
		};
		4C295F482C6CF1520069F7EB /* Debug */ = {
			isa = XCBuildConfiguration;
			buildSettings = {
				ALWAYS_EMBED_SWIFT_STANDARD_LIBRARIES = YES;
				BUNDLE_LOADER = "$(TEST_HOST)";
				CODE_SIGN_STYLE = Automatic;
				CURRENT_PROJECT_VERSION = 1;
				DEVELOPMENT_TEAM = QJC45QJ28B;
				GENERATE_INFOPLIST_FILE = YES;
				IPHONEOS_DEPLOYMENT_TARGET = 17.5;
				MARKETING_VERSION = 1.0;
				PRODUCT_BUNDLE_IDENTIFIER = com.masaki.UnitTestApp01Tests;
				PRODUCT_NAME = "$(TARGET_NAME)";
				SWIFT_EMIT_LOC_STRINGS = NO;
				SWIFT_VERSION = 5.0;
				TARGETED_DEVICE_FAMILY = "1,2";
				TEST_HOST = "$(BUILT_PRODUCTS_DIR)/UnitTestApp01.app/$(BUNDLE_EXECUTABLE_FOLDER_PATH)/UnitTestApp01";
			};
			name = Debug;
		};
		4C295F492C6CF1520069F7EB /* Release */ = {
			isa = XCBuildConfiguration;
			buildSettings = {
				ALWAYS_EMBED_SWIFT_STANDARD_LIBRARIES = YES;
				BUNDLE_LOADER = "$(TEST_HOST)";
				CODE_SIGN_STYLE = Automatic;
				CURRENT_PROJECT_VERSION = 1;
				DEVELOPMENT_TEAM = QJC45QJ28B;
				GENERATE_INFOPLIST_FILE = YES;
				IPHONEOS_DEPLOYMENT_TARGET = 17.5;
				MARKETING_VERSION = 1.0;
				PRODUCT_BUNDLE_IDENTIFIER = com.masaki.UnitTestApp01Tests;
				PRODUCT_NAME = "$(TARGET_NAME)";
				SWIFT_EMIT_LOC_STRINGS = NO;
				SWIFT_VERSION = 5.0;
				TARGETED_DEVICE_FAMILY = "1,2";
				TEST_HOST = "$(BUILT_PRODUCTS_DIR)/UnitTestApp01.app/$(BUNDLE_EXECUTABLE_FOLDER_PATH)/UnitTestApp01";
			};
			name = Release;
		};
		4C295F4B2C6CF1520069F7EB /* Debug */ = {
			isa = XCBuildConfiguration;
			buildSettings = {
				ALWAYS_EMBED_SWIFT_STANDARD_LIBRARIES = YES;
				CODE_SIGN_STYLE = Automatic;
				CURRENT_PROJECT_VERSION = 1;
				DEVELOPMENT_TEAM = QJC45QJ28B;
				GENERATE_INFOPLIST_FILE = YES;
				MARKETING_VERSION = 1.0;
				PRODUCT_BUNDLE_IDENTIFIER = com.masaki.UnitTestApp01UITests;
				PRODUCT_NAME = "$(TARGET_NAME)";
				SWIFT_EMIT_LOC_STRINGS = NO;
				SWIFT_VERSION = 5.0;
				TARGETED_DEVICE_FAMILY = "1,2";
				TEST_TARGET_NAME = UnitTestApp01;
			};
			name = Debug;
		};
		4C295F4C2C6CF1520069F7EB /* Release */ = {
			isa = XCBuildConfiguration;
			buildSettings = {
				ALWAYS_EMBED_SWIFT_STANDARD_LIBRARIES = YES;
				CODE_SIGN_STYLE = Automatic;
				CURRENT_PROJECT_VERSION = 1;
				DEVELOPMENT_TEAM = QJC45QJ28B;
				GENERATE_INFOPLIST_FILE = YES;
				MARKETING_VERSION = 1.0;
				PRODUCT_BUNDLE_IDENTIFIER = com.masaki.UnitTestApp01UITests;
				PRODUCT_NAME = "$(TARGET_NAME)";
				SWIFT_EMIT_LOC_STRINGS = NO;
				SWIFT_VERSION = 5.0;
				TARGETED_DEVICE_FAMILY = "1,2";
				TEST_TARGET_NAME = UnitTestApp01;
			};
			name = Release;
		};
/* End XCBuildConfiguration section */

/* Begin XCConfigurationList section */
		4C295F1B2C6CF1500069F7EB /* Build configuration list for PBXProject "UnitTestApp01" */ = {
			isa = XCConfigurationList;
			buildConfigurations = (
				4C295F422C6CF1520069F7EB /* Debug */,
				4C295F432C6CF1520069F7EB /* Release */,
			);
			defaultConfigurationIsVisible = 0;
			defaultConfigurationName = Release;
		};
		4C295F442C6CF1520069F7EB /* Build configuration list for PBXNativeTarget "UnitTestApp01" */ = {
			isa = XCConfigurationList;
			buildConfigurations = (
				4C295F452C6CF1520069F7EB /* Debug */,
				4C295F462C6CF1520069F7EB /* Release */,
			);
			defaultConfigurationIsVisible = 0;
			defaultConfigurationName = Release;
		};
		4C295F472C6CF1520069F7EB /* Build configuration list for PBXNativeTarget "UnitTestApp01Tests" */ = {
			isa = XCConfigurationList;
			buildConfigurations = (
				4C295F482C6CF1520069F7EB /* Debug */,
				4C295F492C6CF1520069F7EB /* Release */,
			);
			defaultConfigurationIsVisible = 0;
			defaultConfigurationName = Release;
		};
		4C295F4A2C6CF1520069F7EB /* Build configuration list for PBXNativeTarget "UnitTestApp01UITests" */ = {
			isa = XCConfigurationList;
			buildConfigurations = (
				4C295F4B2C6CF1520069F7EB /* Debug */,
				4C295F4C2C6CF1520069F7EB /* Release */,
			);
			defaultConfigurationIsVisible = 0;
			defaultConfigurationName = Release;
		};
/* End XCConfigurationList section */
	};
	rootObject = 4C295F182C6CF1500069F7EB /* Project object */;
}
